
Microsoft Visual Studio Solution File, Format Version 12.00
# Visual Studio 14
VisualStudioVersion = 14.0.24720.0
MinimumVisualStudioVersion = 10.0.40219.1
Project("{FAE04EC0-301F-11D3-BF4B-00C04F79EFBC}") = "NParametrizer", "NParametrizer\NParametrizer.csproj", "{BBF46A0F-148D-4167-891B-31F0C2C67306}"
EndProject
Project("{FAE04EC0-301F-11D3-BF4B-00C04F79EFBC}") = "NParametrizer.NuGet", "NParametrizer.NuGet\NParametrizer.NuGet.csproj", "{0451BAEF-DF2E-4B98-8644-94EE9415E389}"
EndProject
Project("{FAE04EC0-301F-11D3-BF4B-00C04F79EFBC}") = "NParametrizer.Tests", "NParametrizer.Tests\NParametrizer.Tests.csproj", "{69C268EB-485A-4F5E-ABEB-B2E069F000FC}"
EndProject
Project("{2150E333-8FDC-42A3-9474-1A3956D46DE8}") = "Solution Items", "Solution Items", "{C8E0D47D-E016-4618-A786-F0F7CDBBB5C1}"
	ProjectSection(SolutionItems) = preProject
		..\.travis.yml = ..\.travis.yml
	EndProjectSection
EndProject
Global
	GlobalSection(SolutionConfigurationPlatforms) = preSolution
		Debug|Any CPU = Debug|Any CPU
		Debug|Mixed Platforms = Debug|Mixed Platforms
		Debug|x86 = Debug|x86
		Release|Any CPU = Release|Any CPU
		Release|Mixed Platforms = Release|Mixed Platforms
		Release|x86 = Release|x86
	EndGlobalSection
	GlobalSection(ProjectConfigurationPlatforms) = postSolution
		{BBF46A0F-148D-4167-891B-31F0C2C67306}.Debug|Any CPU.ActiveCfg = Debug|Any CPU
		{BBF46A0F-148D-4167-891B-31F0C2C67306}.Debug|Any CPU.Build.0 = Debug|Any CPU
		{BBF46A0F-148D-4167-891B-31F0C2C67306}.Debug|Mixed Platforms.ActiveCfg = Debug|Any CPU
		{BBF46A0F-148D-4167-891B-31F0C2C67306}.Debug|Mixed Platforms.Build.0 = Debug|Any CPU
		{BBF46A0F-148D-4167-891B-31F0C2C67306}.Debug|x86.ActiveCfg = Debug|Any CPU
		{BBF46A0F-148D-4167-891B-31F0C2C67306}.Release|Any CPU.ActiveCfg = Release|Any CPU
		{BBF46A0F-148D-4167-891B-31F0C2C67306}.Release|Any CPU.Build.0 = Release|Any CPU
		{BBF46A0F-148D-4167-891B-31F0C2C67306}.Release|Mixed Platforms.ActiveCfg = Release|Any CPU
		{BBF46A0F-148D-4167-891B-31F0C2C67306}.Release|Mixed Platforms.Build.0 = Release|Any CPU
		{BBF46A0F-148D-4167-891B-31F0C2C67306}.Release|x86.ActiveCfg = Release|Any CPU
		{0451BAEF-DF2E-4B98-8644-94EE9415E389}.Debug|Any CPU.ActiveCfg = Debug|Any CPU
		{0451BAEF-DF2E-4B98-8644-94EE9415E389}.Debug|Any CPU.Build.0 = Debug|Any CPU
		{0451BAEF-DF2E-4B98-8644-94EE9415E389}.Debug|Mixed Platforms.ActiveCfg = Debug|Any CPU
		{0451BAEF-DF2E-4B98-8644-94EE9415E389}.Debug|Mixed Platforms.Build.0 = Debug|Any CPU
		{0451BAEF-DF2E-4B98-8644-94EE9415E389}.Debug|x86.ActiveCfg = Debug|Any CPU
		{0451BAEF-DF2E-4B98-8644-94EE9415E389}.Release|Any CPU.ActiveCfg = Release|Any CPU
		{0451BAEF-DF2E-4B98-8644-94EE9415E389}.Release|Any CPU.Build.0 = Release|Any CPU
		{0451BAEF-DF2E-4B98-8644-94EE9415E389}.Release|Mixed Platforms.ActiveCfg = Release|Any CPU
		{0451BAEF-DF2E-4B98-8644-94EE9415E389}.Release|Mixed Platforms.Build.0 = Release|Any CPU
		{0451BAEF-DF2E-4B98-8644-94EE9415E389}.Release|x86.ActiveCfg = Release|Any CPU
		{69C268EB-485A-4F5E-ABEB-B2E069F000FC}.Debug|Any CPU.ActiveCfg = Debug|Any CPU
		{69C268EB-485A-4F5E-ABEB-B2E069F000FC}.Debug|Any CPU.Build.0 = Debug|Any CPU
		{69C268EB-485A-4F5E-ABEB-B2E069F000FC}.Debug|Mixed Platforms.ActiveCfg = Debug|Any CPU
		{69C268EB-485A-4F5E-ABEB-B2E069F000FC}.Debug|Mixed Platforms.Build.0 = Debug|Any CPU
		{69C268EB-485A-4F5E-ABEB-B2E069F000FC}.Debug|x86.ActiveCfg = Debug|Any CPU
		{69C268EB-485A-4F5E-ABEB-B2E069F000FC}.Release|Any CPU.ActiveCfg = Release|Any CPU
		{69C268EB-485A-4F5E-ABEB-B2E069F000FC}.Release|Any CPU.Build.0 = Release|Any CPU
		{69C268EB-485A-4F5E-ABEB-B2E069F000FC}.Release|Mixed Platforms.ActiveCfg = Release|Any CPU
		{69C268EB-485A-4F5E-ABEB-B2E069F000FC}.Release|Mixed Platforms.Build.0 = Release|Any CPU
		{69C268EB-485A-4F5E-ABEB-B2E069F000FC}.Release|x86.ActiveCfg = Release|Any CPU
	EndGlobalSection
	GlobalSection(SolutionProperties) = preSolution
		HideSolutionNode = FALSE
	EndGlobalSection
EndGlobal
